// !$*UTF8*$!
{
	archiveVersion = 1;
	classes = {
	};
	objectVersion = 50;
	objects = {

/* Begin PBXBuildFile section */
		0079C3AA24B02B79009B6300 /* Assets.xcassets in Resources */ = {isa = PBXBuildFile; fileRef = 0079C3A924B02B79009B6300 /* Assets.xcassets */; };
		0079C3AD24B02B79009B6300 /* LaunchScreen.storyboard in Resources */ = {isa = PBXBuildFile; fileRef = 0079C3AB24B02B79009B6300 /* LaunchScreen.storyboard */; };
		0079C3B024B02B79009B6300 /* main.m in Sources */ = {isa = PBXBuildFile; fileRef = 0079C3AF24B02B79009B6300 /* main.m */; };
		0079C3BA24B02B79009B6300 /* FacadeTests.m in Sources */ = {isa = PBXBuildFile; fileRef = 0079C3B924B02B79009B6300 /* FacadeTests.m */; };
		0079C3C524B02B79009B6300 /* FacadeUITests.m in Sources */ = {isa = PBXBuildFile; fileRef = 0079C3C424B02B79009B6300 /* FacadeUITests.m */; };
		0079C3D624B02D69009B6300 /* Rectangle.m in Sources */ = {isa = PBXBuildFile; fileRef = 0079C3D524B02D69009B6300 /* Rectangle.m */; };
		0079C3D924B02DC0009B6300 /* Square.m in Sources */ = {isa = PBXBuildFile; fileRef = 0079C3D824B02DC0009B6300 /* Square.m */; };
		0079C3DC24B02DEC009B6300 /* Circle.m in Sources */ = {isa = PBXBuildFile; fileRef = 0079C3DB24B02DEC009B6300 /* Circle.m */; };
		0079C3DF24B02E0D009B6300 /* ShapeMaker.m in Sources */ = {isa = PBXBuildFile; fileRef = 0079C3DE24B02E0D009B6300 /* ShapeMaker.m */; };
/* End PBXBuildFile section */

/* Begin PBXContainerItemProxy section */
		0079C3B624B02B79009B6300 /* PBXContainerItemProxy */ = {
			isa = PBXContainerItemProxy;
			containerPortal = 0079C39224B02B6D009B6300 /* Project object */;
			proxyType = 1;
			remoteGlobalIDString = 0079C39924B02B6D009B6300;
			remoteInfo = Facade;
		};
		0079C3C124B02B79009B6300 /* PBXContainerItemProxy */ = {
			isa = PBXContainerItemProxy;
			containerPortal = 0079C39224B02B6D009B6300 /* Project object */;
			proxyType = 1;
			remoteGlobalIDString = 0079C39924B02B6D009B6300;
			remoteInfo = Facade;
		};
/* End PBXContainerItemProxy section */

/* Begin PBXFileReference section */
		0079C39A24B02B6D009B6300 /* Facade.app */ = {isa = PBXFileReference; explicitFileType = wrapper.application; includeInIndex = 0; path = Facade.app; sourceTree = BUILT_PRODUCTS_DIR; };
		0079C3A924B02B79009B6300 /* Assets.xcassets */ = {isa = PBXFileReference; lastKnownFileType = folder.assetcatalog; path = Assets.xcassets; sourceTree = "<group>"; };
		0079C3AC24B02B79009B6300 /* Base */ = {isa = PBXFileReference; lastKnownFileType = file.storyboard; name = Base; path = Base.lproj/LaunchScreen.storyboard; sourceTree = "<group>"; };
		0079C3AE24B02B79009B6300 /* Info.plist */ = {isa = PBXFileReference; lastKnownFileType = text.plist.xml; path = Info.plist; sourceTree = "<group>"; };
		0079C3AF24B02B79009B6300 /* main.m */ = {isa = PBXFileReference; lastKnownFileType = sourcecode.c.objc; path = main.m; sourceTree = "<group>"; };
		0079C3B524B02B79009B6300 /* FacadeTests.xctest */ = {isa = PBXFileReference; explicitFileType = wrapper.cfbundle; includeInIndex = 0; path = FacadeTests.xctest; sourceTree = BUILT_PRODUCTS_DIR; };
		0079C3B924B02B79009B6300 /* FacadeTests.m */ = {isa = PBXFileReference; lastKnownFileType = sourcecode.c.objc; path = FacadeTests.m; sourceTree = "<group>"; };
		0079C3BB24B02B79009B6300 /* Info.plist */ = {isa = PBXFileReference; lastKnownFileType = text.plist.xml; path = Info.plist; sourceTree = "<group>"; };
		0079C3C024B02B79009B6300 /* FacadeUITests.xctest */ = {isa = PBXFileReference; explicitFileType = wrapper.cfbundle; includeInIndex = 0; path = FacadeUITests.xctest; sourceTree = BUILT_PRODUCTS_DIR; };
		0079C3C424B02B79009B6300 /* FacadeUITests.m */ = {isa = PBXFileReference; lastKnownFileType = sourcecode.c.objc; path = FacadeUITests.m; sourceTree = "<group>"; };
		0079C3C624B02B79009B6300 /* Info.plist */ = {isa = PBXFileReference; lastKnownFileType = text.plist.xml; path = Info.plist; sourceTree = "<group>"; };
		0079C3D324B02CD1009B6300 /* Shape.h */ = {isa = PBXFileReference; lastKnownFileType = sourcecode.c.h; path = Shape.h; sourceTree = "<group>"; };
		0079C3D424B02D69009B6300 /* Rectangle.h */ = {isa = PBXFileReference; lastKnownFileType = sourcecode.c.h; path = Rectangle.h; sourceTree = "<group>"; };
		0079C3D524B02D69009B6300 /* Rectangle.m */ = {isa = PBXFileReference; lastKnownFileType = sourcecode.c.objc; path = Rectangle.m; sourceTree = "<group>"; };
		0079C3D724B02DC0009B6300 /* Square.h */ = {isa = PBXFileReference; lastKnownFileType = sourcecode.c.h; path = Square.h; sourceTree = "<group>"; };
		0079C3D824B02DC0009B6300 /* Square.m */ = {isa = PBXFileReference; lastKnownFileType = sourcecode.c.objc; path = Square.m; sourceTree = "<group>"; };
		0079C3DA24B02DEC009B6300 /* Circle.h */ = {isa = PBXFileReference; lastKnownFileType = sourcecode.c.h; path = Circle.h; sourceTree = "<group>"; };
		0079C3DB24B02DEC009B6300 /* Circle.m */ = {isa = PBXFileReference; lastKnownFileType = sourcecode.c.objc; path = Circle.m; sourceTree = "<group>"; };
		0079C3DD24B02E0D009B6300 /* ShapeMaker.h */ = {isa = PBXFileReference; lastKnownFileType = sourcecode.c.h; path = ShapeMaker.h; sourceTree = "<group>"; };
		0079C3DE24B02E0D009B6300 /* ShapeMaker.m */ = {isa = PBXFileReference; lastKnownFileType = sourcecode.c.objc; path = ShapeMaker.m; sourceTree = "<group>"; };
/* End PBXFileReference section */

/* Begin PBXFrameworksBuildPhase section */
		0079C39724B02B6D009B6300 /* Frameworks */ = {
			isa = PBXFrameworksBuildPhase;
			buildActionMask = 2147483647;
			files = (
			);
			runOnlyForDeploymentPostprocessing = 0;
		};
		0079C3B224B02B79009B6300 /* Frameworks */ = {
			isa = PBXFrameworksBuildPhase;
			buildActionMask = 2147483647;
			files = (
			);
			runOnlyForDeploymentPostprocessing = 0;
		};
		0079C3BD24B02B79009B6300 /* Frameworks */ = {
			isa = PBXFrameworksBuildPhase;
			buildActionMask = 2147483647;
			files = (
			);
			runOnlyForDeploymentPostprocessing = 0;
		};
/* End PBXFrameworksBuildPhase section */

/* Begin PBXGroup section */
		0079C39124B02B6D009B6300 = {
			isa = PBXGroup;
			children = (
				0079C39C24B02B6D009B6300 /* Facade */,
				0079C3B824B02B79009B6300 /* FacadeTests */,
				0079C3C324B02B79009B6300 /* FacadeUITests */,
				0079C39B24B02B6D009B6300 /* Products */,
			);
			sourceTree = "<group>";
		};
		0079C39B24B02B6D009B6300 /* Products */ = {
			isa = PBXGroup;
			children = (
				0079C39A24B02B6D009B6300 /* Facade.app */,
				0079C3B524B02B79009B6300 /* FacadeTests.xctest */,
				0079C3C024B02B79009B6300 /* FacadeUITests.xctest */,
			);
			name = Products;
			sourceTree = "<group>";
		};
		0079C39C24B02B6D009B6300 /* Facade */ = {
			isa = PBXGroup;
			children = (
				0079C3D224B02BA9009B6300 /* Facade */,
				0079C3A924B02B79009B6300 /* Assets.xcassets */,
				0079C3AB24B02B79009B6300 /* LaunchScreen.storyboard */,
				0079C3AE24B02B79009B6300 /* Info.plist */,
				0079C3AF24B02B79009B6300 /* main.m */,
			);
			path = Facade;
			sourceTree = "<group>";
		};
		0079C3B824B02B79009B6300 /* FacadeTests */ = {
			isa = PBXGroup;
			children = (
				0079C3B924B02B79009B6300 /* FacadeTests.m */,
				0079C3BB24B02B79009B6300 /* Info.plist */,
			);
			path = FacadeTests;
			sourceTree = "<group>";
		};
		0079C3C324B02B79009B6300 /* FacadeUITests */ = {
			isa = PBXGroup;
			children = (
				0079C3C424B02B79009B6300 /* FacadeUITests.m */,
				0079C3C624B02B79009B6300 /* Info.plist */,
			);
			path = FacadeUITests;
			sourceTree = "<group>";
		};
		0079C3D224B02BA9009B6300 /* Facade */ = {
			isa = PBXGroup;
			children = (
				0079C3D324B02CD1009B6300 /* Shape.h */,
				0079C3D424B02D69009B6300 /* Rectangle.h */,
				0079C3D524B02D69009B6300 /* Rectangle.m */,
				0079C3D724B02DC0009B6300 /* Square.h */,
				0079C3D824B02DC0009B6300 /* Square.m */,
				0079C3DA24B02DEC009B6300 /* Circle.h */,
				0079C3DB24B02DEC009B6300 /* Circle.m */,
				0079C3DD24B02E0D009B6300 /* ShapeMaker.h */,
				0079C3DE24B02E0D009B6300 /* ShapeMaker.m */,
			);
			path = Facade;
			sourceTree = "<group>";
		};
/* End PBXGroup section */

/* Begin PBXNativeTarget section */
		0079C39924B02B6D009B6300 /* Facade */ = {
			isa = PBXNativeTarget;
			buildConfigurationList = 0079C3C924B02B79009B6300 /* Build configuration list for PBXNativeTarget "Facade" */;
			buildPhases = (
				0079C39624B02B6D009B6300 /* Sources */,
				0079C39724B02B6D009B6300 /* Frameworks */,
				0079C39824B02B6D009B6300 /* Resources */,
			);
			buildRules = (
			);
			dependencies = (
			);
			name = Facade;
			productName = Facade;
			productReference = 0079C39A24B02B6D009B6300 /* Facade.app */;
			productType = "com.apple.product-type.application";
		};
		0079C3B424B02B79009B6300 /* FacadeTests */ = {
			isa = PBXNativeTarget;
			buildConfigurationList = 0079C3CC24B02B79009B6300 /* Build configuration list for PBXNativeTarget "FacadeTests" */;
			buildPhases = (
				0079C3B124B02B79009B6300 /* Sources */,
				0079C3B224B02B79009B6300 /* Frameworks */,
				0079C3B324B02B79009B6300 /* Resources */,
			);
			buildRules = (
			);
			dependencies = (
				0079C3B724B02B79009B6300 /* PBXTargetDependency */,
			);
			name = FacadeTests;
			productName = FacadeTests;
			productReference = 0079C3B524B02B79009B6300 /* FacadeTests.xctest */;
			productType = "com.apple.product-type.bundle.unit-test";
		};
		0079C3BF24B02B79009B6300 /* FacadeUITests */ = {
			isa = PBXNativeTarget;
			buildConfigurationList = 0079C3CF24B02B79009B6300 /* Build configuration list for PBXNativeTarget "FacadeUITests" */;
			buildPhases = (
				0079C3BC24B02B79009B6300 /* Sources */,
				0079C3BD24B02B79009B6300 /* Frameworks */,
				0079C3BE24B02B79009B6300 /* Resources */,
			);
			buildRules = (
			);
			dependencies = (
				0079C3C224B02B79009B6300 /* PBXTargetDependency */,
			);
			name = FacadeUITests;
			productName = FacadeUITests;
			productReference = 0079C3C024B02B79009B6300 /* FacadeUITests.xctest */;
			productType = "com.apple.product-type.bundle.ui-testing";
		};
/* End PBXNativeTarget section */

/* Begin PBXProject section */
		0079C39224B02B6D009B6300 /* Project object */ = {
			isa = PBXProject;
			attributes = {
				LastUpgradeCheck = 1140;
				ORGANIZATIONNAME = lgb;
				TargetAttributes = {
					0079C39924B02B6D009B6300 = {
						CreatedOnToolsVersion = 11.4.1;
					};
					0079C3B424B02B79009B6300 = {
						CreatedOnToolsVersion = 11.4.1;
						TestTargetID = 0079C39924B02B6D009B6300;
					};
					0079C3BF24B02B79009B6300 = {
						CreatedOnToolsVersion = 11.4.1;
						TestTargetID = 0079C39924B02B6D009B6300;
					};
				};
			};
			buildConfigurationList = 0079C39524B02B6D009B6300 /* Build configuration list for PBXProject "Facade" */;
			compatibilityVersion = "Xcode 9.3";
			developmentRegion = en;
			hasScannedForEncodings = 0;
			knownRegions = (
				en,
				Base,
			);
			mainGroup = 0079C39124B02B6D009B6300;
			productRefGroup = 0079C39B24B02B6D009B6300 /* Products */;
			projectDirPath = "";
			projectRoot = "";
			targets = (
				0079C39924B02B6D009B6300 /* Facade */,
				0079C3B424B02B79009B6300 /* FacadeTests */,
				0079C3BF24B02B79009B6300 /* FacadeUITests */,
			);
		};
/* End PBXProject section */

/* Begin PBXResourcesBuildPhase section */
		0079C39824B02B6D009B6300 /* Resources */ = {
			isa = PBXResourcesBuildPhase;
			buildActionMask = 2147483647;
			files = (
				0079C3AD24B02B79009B6300 /* LaunchScreen.storyboard in Resources */,
				0079C3AA24B02B79009B6300 /* Assets.xcassets in Resources */,
			);
			runOnlyForDeploymentPostprocessing = 0;
		};
		0079C3B324B02B79009B6300 /* Resources */ = {
			isa = PBXResourcesBuildPhase;
			buildActionMask = 2147483647;
			files = (
			);
			runOnlyForDeploymentPostprocessing = 0;
		};
		0079C3BE24B02B79009B6300 /* Resources */ = {
			isa = PBXResourcesBuildPhase;
			buildActionMask = 2147483647;
			files = (
			);
			runOnlyForDeploymentPostprocessing = 0;
		};
/* End PBXResourcesBuildPhase section */

/* Begin PBXSourcesBuildPhase section */
		0079C39624B02B6D009B6300 /* Sources */ = {
			isa = PBXSourcesBuildPhase;
			buildActionMask = 2147483647;
			files = (
				0079C3DF24B02E0D009B6300 /* ShapeMaker.m in Sources */,
				0079C3D924B02DC0009B6300 /* Square.m in Sources */,
				0079C3DC24B02DEC009B6300 /* Circle.m in Sources */,
				0079C3B024B02B79009B6300 /* main.m in Sources */,
				0079C3D624B02D69009B6300 /* Rectangle.m in Sources */,
			);
			runOnlyForDeploymentPostprocessing = 0;
		};
		0079C3B124B02B79009B6300 /* Sources */ = {
			isa = PBXSourcesBuildPhase;
			buildActionMask = 2147483647;
			files = (
				0079C3BA24B02B79009B6300 /* FacadeTests.m in Sources */,
			);
			runOnlyForDeploymentPostprocessing = 0;
		};
		0079C3BC24B02B79009B6300 /* Sources */ = {
			isa = PBXSourcesBuildPhase;
			buildActionMask = 2147483647;
			files = (
				0079C3C524B02B79009B6300 /* FacadeUITests.m in Sources */,
			);
			runOnlyForDeploymentPostprocessing = 0;
		};
/* End PBXSourcesBuildPhase section */

/* Begin PBXTargetDependency section */
		0079C3B724B02B79009B6300 /* PBXTargetDependency */ = {
			isa = PBXTargetDependency;
			target = 0079C39924B02B6D009B6300 /* Facade */;
			targetProxy = 0079C3B624B02B79009B6300 /* PBXContainerItemProxy */;
		};
		0079C3C224B02B79009B6300 /* PBXTargetDependency */ = {
			isa = PBXTargetDependency;
			target = 0079C39924B02B6D009B6300 /* Facade */;
			targetProxy = 0079C3C124B02B79009B6300 /* PBXContainerItemProxy */;
		};
/* End PBXTargetDependency section */

/* Begin PBXVariantGroup section */
		0079C3AB24B02B79009B6300 /* LaunchScreen.storyboard */ = {
			isa = PBXVariantGroup;
			children = (
				0079C3AC24B02B79009B6300 /* Base */,
			);
			name = LaunchScreen.storyboard;
			sourceTree = "<group>";
		};
/* End PBXVariantGroup section */

/* Begin XCBuildConfiguration section */
		0079C3C724B02B79009B6300 /* Debug */ = {
			isa = XCBuildConfiguration;
			buildSettings = {
				ALWAYS_SEARCH_USER_PATHS = NO;
				CLANG_ANALYZER_NONNULL = YES;
				CLANG_ANALYZER_NUMBER_OBJECT_CONVERSION = YES_AGGRESSIVE;
				CLANG_CXX_LANGUAGE_STANDARD = "gnu++14";
				CLANG_CXX_LIBRARY = "libc++";
				CLANG_ENABLE_MODULES = YES;
				CLANG_ENABLE_OBJC_ARC = YES;
				CLANG_ENABLE_OBJC_WEAK = YES;
				CLANG_WARN_BLOCK_CAPTURE_AUTORELEASING = YES;
				CLANG_WARN_BOOL_CONVERSION = YES;
				CLANG_WARN_COMMA = YES;
				CLANG_WARN_CONSTANT_CONVERSION = YES;
				CLANG_WARN_DEPRECATED_OBJC_IMPLEMENTATIONS = YES;
				CLANG_WARN_DIRECT_OBJC_ISA_USAGE = YES_ERROR;
				CLANG_WARN_DOCUMENTATION_COMMENTS = YES;
				CLANG_WARN_EMPTY_BODY = YES;
				CLANG_WARN_ENUM_CONVERSION = YES;
				CLANG_WARN_INFINITE_RECURSION = YES;
				CLANG_WARN_INT_CONVERSION = YES;
				CLANG_WARN_NON_LITERAL_NULL_CONVERSION = YES;
				CLANG_WARN_OBJC_IMPLICIT_RETAIN_SELF = YES;
				CLANG_WARN_OBJC_LITERAL_CONVERSION = YES;
				CLANG_WARN_OBJC_ROOT_CLASS = YES_ERROR;
				CLANG_WARN_RANGE_LOOP_ANALYSIS = YES;
				CLANG_WARN_STRICT_PROTOTYPES = YES;
				CLANG_WARN_SUSPICIOUS_MOVE = YES;
				CLANG_WARN_UNGUARDED_AVAILABILITY = YES_AGGRESSIVE;
				CLANG_WARN_UNREACHABLE_CODE = YES;
				CLANG_WARN__DUPLICATE_METHOD_MATCH = YES;
				COPY_PHASE_STRIP = NO;
				DEBUG_INFORMATION_FORMAT = dwarf;
				ENABLE_STRICT_OBJC_MSGSEND = YES;
				ENABLE_TESTABILITY = YES;
				GCC_C_LANGUAGE_STANDARD = gnu11;
				GCC_DYNAMIC_NO_PIC = NO;
				GCC_NO_COMMON_BLOCKS = YES;
				GCC_OPTIMIZATION_LEVEL = 0;
				GCC_PREPROCESSOR_DEFINITIONS = (
					"DEBUG=1",
					"$(inherited)",
				);
				GCC_WARN_64_TO_32_BIT_CONVERSION = YES;
				GCC_WARN_ABOUT_RETURN_TYPE = YES_ERROR;
				GCC_WARN_UNDECLARED_SELECTOR = YES;
				GCC_WARN_UNINITIALIZED_AUTOS = YES_AGGRESSIVE;
				GCC_WARN_UNUSED_FUNCTION = YES;
				GCC_WARN_UNUSED_VARIABLE = YES;
				IPHONEOS_DEPLOYMENT_TARGET = 13.4;
				MTL_ENABLE_DEBUG_INFO = INCLUDE_SOURCE;
				MTL_FAST_MATH = YES;
				ONLY_ACTIVE_ARCH = YES;
				SDKROOT = iphoneos;
			};
			name = Debug;
		};
		0079C3C824B02B79009B6300 /* Release */ = {
			isa = XCBuildConfiguration;
			buildSettings = {
				ALWAYS_SEARCH_USER_PATHS = NO;
				CLANG_ANALYZER_NONNULL = YES;
				CLANG_ANALYZER_NUMBER_OBJECT_CONVERSION = YES_AGGRESSIVE;
				CLANG_CXX_LANGUAGE_STANDARD = "gnu++14";
				CLANG_CXX_LIBRARY = "libc++";
				CLANG_ENABLE_MODULES = YES;
				CLANG_ENABLE_OBJC_ARC = YES;
				CLANG_ENABLE_OBJC_WEAK = YES;
				CLANG_WARN_BLOCK_CAPTURE_AUTORELEASING = YES;
				CLANG_WARN_BOOL_CONVERSION = YES;
				CLANG_WARN_COMMA = YES;
				CLANG_WARN_CONSTANT_CONVERSION = YES;
				CLANG_WARN_DEPRECATED_OBJC_IMPLEMENTATIONS = YES;
				CLANG_WARN_DIRECT_OBJC_ISA_USAGE = YES_ERROR;
				CLANG_WARN_DOCUMENTATION_COMMENTS = YES;
				CLANG_WARN_EMPTY_BODY = YES;
				CLANG_WARN_ENUM_CONVERSION = YES;
				CLANG_WARN_INFINITE_RECURSION = YES;
				CLANG_WARN_INT_CONVERSION = YES;
				CLANG_WARN_NON_LITERAL_NULL_CONVERSION = YES;
				CLANG_WARN_OBJC_IMPLICIT_RETAIN_SELF = YES;
				CLANG_WARN_OBJC_LITERAL_CONVERSION = YES;
				CLANG_WARN_OBJC_ROOT_CLASS = YES_ERROR;
				CLANG_WARN_RANGE_LOOP_ANALYSIS = YES;
				CLANG_WARN_STRICT_PROTOTYPES = YES;
				CLANG_WARN_SUSPICIOUS_MOVE = YES;
				CLANG_WARN_UNGUARDED_AVAILABILITY = YES_AGGRESSIVE;
				CLANG_WARN_UNREACHABLE_CODE = YES;
				CLANG_WARN__DUPLICATE_METHOD_MATCH = YES;
				COPY_PHASE_STRIP = NO;
				DEBUG_INFORMATION_FORMAT = "dwarf-with-dsym";
				ENABLE_NS_ASSERTIONS = NO;
				ENABLE_STRICT_OBJC_MSGSEND = YES;
				GCC_C_LANGUAGE_STANDARD = gnu11;
				GCC_NO_COMMON_BLOCKS = YES;
				GCC_WARN_64_TO_32_BIT_CONVERSION = YES;
				GCC_WARN_ABOUT_RETURN_TYPE = YES_ERROR;
				GCC_WARN_UNDECLARED_SELECTOR = YES;
				GCC_WARN_UNINITIALIZED_AUTOS = YES_AGGRESSIVE;
				GCC_WARN_UNUSED_FUNCTION = YES;
				GCC_WARN_UNUSED_VARIABLE = YES;
				IPHONEOS_DEPLOYMENT_TARGET = 13.4;
				MTL_ENABLE_DEBUG_INFO = NO;
				MTL_FAST_MATH = YES;
				SDKROOT = iphoneos;
				VALIDATE_PRODUCT = YES;
			};
			name = Release;
		};
		0079C3CA24B02B79009B6300 /* Debug */ = {
			isa = XCBuildConfiguration;
			buildSettings = {
				ASSETCATALOG_COMPILER_APPICON_NAME = AppIcon;
				CODE_SIGN_STYLE = Automatic;
				DEVELOPMENT_TEAM = 8N4DBBN9VP;
				INFOPLIST_FILE = Facade/Info.plist;
				LD_RUNPATH_SEARCH_PATHS = (
					"$(inherited)",
					"@executable_path/Frameworks",
				);
				PRODUCT_BUNDLE_IDENTIFIER = lgb.Facade;
				PRODUCT_NAME = "$(TARGET_NAME)";
				TARGETED_DEVICE_FAMILY = "1,2";
			};
			name = Debug;
		};
		0079C3CB24B02B79009B6300 /* Release */ = {
			isa = XCBuildConfiguration;
			buildSettings = {
				ASSETCATALOG_COMPILER_APPICON_NAME = AppIcon;
				CODE_SIGN_STYLE = Automatic;
				DEVELOPMENT_TEAM = 8N4DBBN9VP;
				INFOPLIST_FILE = Facade/Info.plist;
				LD_RUNPATH_SEARCH_PATHS = (
					"$(inherited)",
					"@executable_path/Frameworks",
				);
				PRODUCT_BUNDLE_IDENTIFIER = lgb.Facade;
				PRODUCT_NAME = "$(TARGET_NAME)";
				TARGETED_DEVICE_FAMILY = "1,2";
			};
			name = Release;
		};
		0079C3CD24B02B79009B6300 /* Debug */ = {
			isa = XCBuildConfiguration;
			buildSettings = {
				BUNDLE_LOADER = "$(TEST_HOST)";
				CODE_SIGN_STYLE = Automatic;
				DEVELOPMENT_TEAM = 8N4DBBN9VP;
				INFOPLIST_FILE = FacadeTests/Info.plist;
				IPHONEOS_DEPLOYMENT_TARGET = 13.4;
				LD_RUNPATH_SEARCH_PATHS = (
					"$(inherited)",
					"@executable_path/Frameworks",
					"@loader_path/Frameworks",
				);
				PRODUCT_BUNDLE_IDENTIFIER = lgb.FacadeTests;
				PRODUCT_NAME = "$(TARGET_NAME)";
				TARGETED_DEVICE_FAMILY = "1,2";
				TEST_HOST = "$(BUILT_PRODUCTS_DIR)/Facade.app/Facade";
			};
			name = Debug;
		};
		0079C3CE24B02B79009B6300 /* Release */ = {
			isa = XCBuildConfiguration;
			buildSettings = {
				BUNDLE_LOADER = "$(TEST_HOST)";
				CODE_SIGN_STYLE = Automatic;
				DEVELOPMENT_TEAM = 8N4DBBN9VP;
				INFOPLIST_FILE = FacadeTests/Info.plist;
				IPHONEOS_DEPLOYMENT_TARGET = 13.4;
				LD_RUNPATH_SEARCH_PATHS = (
					"$(inherited)",
					"@executable_path/Frameworks",
					"@loader_path/Frameworks",
				);
				PRODUCT_BUNDLE_IDENTIFIER = lgb.FacadeTests;
				PRODUCT_NAME = "$(TARGET_NAME)";
				TARGETED_DEVICE_FAMILY = "1,2";
				TEST_HOST = "$(BUILT_PRODUCTS_DIR)/Facade.app/Facade";
			};
			name = Release;
		};
		0079C3D024B02B79009B6300 /* Debug */ = {
			isa = XCBuildConfiguration;
			buildSettings = {
				CODE_SIGN_STYLE = Automatic;
				DEVELOPMENT_TEAM = 8N4DBBN9VP;
				INFOPLIST_FILE = FacadeUITests/Info.plist;
				LD_RUNPATH_SEARCH_PATHS = (
					"$(inherited)",
					"@executable_path/Frameworks",
					"@loader_path/Frameworks",
				);
				PRODUCT_BUNDLE_IDENTIFIER = lgb.FacadeUITests;
				PRODUCT_NAME = "$(TARGET_NAME)";
				TARGETED_DEVICE_FAMILY = "1,2";
				TEST_TARGET_NAME = Facade;
			};
			name = Debug;
		};
		0079C3D124B02B79009B6300 /* Release */ = {
			isa = XCBuildConfiguration;
			buildSettings = {
				CODE_SIGN_STYLE = Automatic;
				DEVELOPMENT_TEAM = 8N4DBBN9VP;
				INFOPLIST_FILE = FacadeUITests/Info.plist;
				LD_RUNPATH_SEARCH_PATHS = (
					"$(inherited)",
					"@executable_path/Frameworks",
					"@loader_path/Frameworks",
				);
				PRODUCT_BUNDLE_IDENTIFIER = lgb.FacadeUITests;
				PRODUCT_NAME = "$(TARGET_NAME)";
				TARGETED_DEVICE_FAMILY = "1,2";
				TEST_TARGET_NAME = Facade;
			};
			name = Release;
		};
/* End XCBuildConfiguration section */

/* Begin XCConfigurationList section */
		0079C39524B02B6D009B6300 /* Build configuration list for PBXProject "Facade" */ = {
			isa = XCConfigurationList;
			buildConfigurations = (
				0079C3C724B02B79009B6300 /* Debug */,
				0079C3C824B02B79009B6300 /* Release */,
			);
			defaultConfigurationIsVisible = 0;
			defaultConfigurationName = Release;
		};
		0079C3C924B02B79009B6300 /* Build configuration list for PBXNativeTarget "Facade" */ = {
			isa = XCConfigurationList;
			buildConfigurations = (
				0079C3CA24B02B79009B6300 /* Debug */,
				0079C3CB24B02B79009B6300 /* Release */,
			);
			defaultConfigurationIsVisible = 0;
			defaultConfigurationName = Release;
		};
		0079C3CC24B02B79009B6300 /* Build configuration list for PBXNativeTarget "FacadeTests" */ = {
			isa = XCConfigurationList;
			buildConfigurations = (
				0079C3CD24B02B79009B6300 /* Debug */,
				0079C3CE24B02B79009B6300 /* Release */,
			);
			defaultConfigurationIsVisible = 0;
			defaultConfigurationName = Release;
		};
		0079C3CF24B02B79009B6300 /* Build configuration list for PBXNativeTarget "FacadeUITests" */ = {
			isa = XCConfigurationList;
			buildConfigurations = (
				0079C3D024B02B79009B6300 /* Debug */,
				0079C3D124B02B79009B6300 /* Release */,
			);
			defaultConfigurationIsVisible = 0;
			defaultConfigurationName = Release;
		};
/* End XCConfigurationList section */
	};
	rootObject = 0079C39224B02B6D009B6300 /* Project object */;
}
