// !$*UTF8*$!
{
	archiveVersion = 1;
	classes = {
	};
	objectVersion = 50;
	objects = {

/* Begin PBXBuildFile section */
		63A15CE824C274EC001DE12F /* Assets.xcassets in Resources */ = {isa = PBXBuildFile; fileRef = 63A15CE724C274EC001DE12F /* Assets.xcassets */; };
		63A15CEB24C274EC001DE12F /* LaunchScreen.storyboard in Resources */ = {isa = PBXBuildFile; fileRef = 63A15CE924C274EC001DE12F /* LaunchScreen.storyboard */; };
		63A15CEE24C274EC001DE12F /* main.m in Sources */ = {isa = PBXBuildFile; fileRef = 63A15CED24C274EC001DE12F /* main.m */; };
		63A15CF824C274EC001DE12F /* MementoTests.m in Sources */ = {isa = PBXBuildFile; fileRef = 63A15CF724C274EC001DE12F /* MementoTests.m */; };
		63A15D0324C274EC001DE12F /* MementoUITests.m in Sources */ = {isa = PBXBuildFile; fileRef = 63A15D0224C274EC001DE12F /* MementoUITests.m */; };
		63A15D1324C27500001DE12F /* Memento.m in Sources */ = {isa = PBXBuildFile; fileRef = 63A15D1224C27500001DE12F /* Memento.m */; };
		63A15D1624C27570001DE12F /* Originator.m in Sources */ = {isa = PBXBuildFile; fileRef = 63A15D1524C27570001DE12F /* Originator.m */; };
		63A15D1924C2765E001DE12F /* CareTaker.m in Sources */ = {isa = PBXBuildFile; fileRef = 63A15D1824C2765E001DE12F /* CareTaker.m */; };
/* End PBXBuildFile section */

/* Begin PBXContainerItemProxy section */
		63A15CF424C274EC001DE12F /* PBXContainerItemProxy */ = {
			isa = PBXContainerItemProxy;
			containerPortal = 63A15CD024C274EB001DE12F /* Project object */;
			proxyType = 1;
			remoteGlobalIDString = 63A15CD724C274EB001DE12F;
			remoteInfo = Memento;
		};
		63A15CFF24C274EC001DE12F /* PBXContainerItemProxy */ = {
			isa = PBXContainerItemProxy;
			containerPortal = 63A15CD024C274EB001DE12F /* Project object */;
			proxyType = 1;
			remoteGlobalIDString = 63A15CD724C274EB001DE12F;
			remoteInfo = Memento;
		};
/* End PBXContainerItemProxy section */

/* Begin PBXFileReference section */
		63A15CD824C274EB001DE12F /* Memento.app */ = {isa = PBXFileReference; explicitFileType = wrapper.application; includeInIndex = 0; path = Memento.app; sourceTree = BUILT_PRODUCTS_DIR; };
		63A15CE724C274EC001DE12F /* Assets.xcassets */ = {isa = PBXFileReference; lastKnownFileType = folder.assetcatalog; path = Assets.xcassets; sourceTree = "<group>"; };
		63A15CEA24C274EC001DE12F /* Base */ = {isa = PBXFileReference; lastKnownFileType = file.storyboard; name = Base; path = Base.lproj/LaunchScreen.storyboard; sourceTree = "<group>"; };
		63A15CEC24C274EC001DE12F /* Info.plist */ = {isa = PBXFileReference; lastKnownFileType = text.plist.xml; path = Info.plist; sourceTree = "<group>"; };
		63A15CED24C274EC001DE12F /* main.m */ = {isa = PBXFileReference; lastKnownFileType = sourcecode.c.objc; path = main.m; sourceTree = "<group>"; };
		63A15CF324C274EC001DE12F /* MementoTests.xctest */ = {isa = PBXFileReference; explicitFileType = wrapper.cfbundle; includeInIndex = 0; path = MementoTests.xctest; sourceTree = BUILT_PRODUCTS_DIR; };
		63A15CF724C274EC001DE12F /* MementoTests.m */ = {isa = PBXFileReference; lastKnownFileType = sourcecode.c.objc; path = MementoTests.m; sourceTree = "<group>"; };
		63A15CF924C274EC001DE12F /* Info.plist */ = {isa = PBXFileReference; lastKnownFileType = text.plist.xml; path = Info.plist; sourceTree = "<group>"; };
		63A15CFE24C274EC001DE12F /* MementoUITests.xctest */ = {isa = PBXFileReference; explicitFileType = wrapper.cfbundle; includeInIndex = 0; path = MementoUITests.xctest; sourceTree = BUILT_PRODUCTS_DIR; };
		63A15D0224C274EC001DE12F /* MementoUITests.m */ = {isa = PBXFileReference; lastKnownFileType = sourcecode.c.objc; path = MementoUITests.m; sourceTree = "<group>"; };
		63A15D0424C274EC001DE12F /* Info.plist */ = {isa = PBXFileReference; lastKnownFileType = text.plist.xml; path = Info.plist; sourceTree = "<group>"; };
		63A15D1124C27500001DE12F /* Memento.h */ = {isa = PBXFileReference; lastKnownFileType = sourcecode.c.h; path = Memento.h; sourceTree = "<group>"; };
		63A15D1224C27500001DE12F /* Memento.m */ = {isa = PBXFileReference; lastKnownFileType = sourcecode.c.objc; path = Memento.m; sourceTree = "<group>"; };
		63A15D1424C27570001DE12F /* Originator.h */ = {isa = PBXFileReference; lastKnownFileType = sourcecode.c.h; path = Originator.h; sourceTree = "<group>"; };
		63A15D1524C27570001DE12F /* Originator.m */ = {isa = PBXFileReference; lastKnownFileType = sourcecode.c.objc; path = Originator.m; sourceTree = "<group>"; };
		63A15D1724C2765E001DE12F /* CareTaker.h */ = {isa = PBXFileReference; lastKnownFileType = sourcecode.c.h; path = CareTaker.h; sourceTree = "<group>"; };
		63A15D1824C2765E001DE12F /* CareTaker.m */ = {isa = PBXFileReference; lastKnownFileType = sourcecode.c.objc; path = CareTaker.m; sourceTree = "<group>"; };
/* End PBXFileReference section */

/* Begin PBXFrameworksBuildPhase section */
		63A15CD524C274EB001DE12F /* Frameworks */ = {
			isa = PBXFrameworksBuildPhase;
			buildActionMask = 2147483647;
			files = (
			);
			runOnlyForDeploymentPostprocessing = 0;
		};
		63A15CF024C274EC001DE12F /* Frameworks */ = {
			isa = PBXFrameworksBuildPhase;
			buildActionMask = 2147483647;
			files = (
			);
			runOnlyForDeploymentPostprocessing = 0;
		};
		63A15CFB24C274EC001DE12F /* Frameworks */ = {
			isa = PBXFrameworksBuildPhase;
			buildActionMask = 2147483647;
			files = (
			);
			runOnlyForDeploymentPostprocessing = 0;
		};
/* End PBXFrameworksBuildPhase section */

/* Begin PBXGroup section */
		63A15CCF24C274EB001DE12F = {
			isa = PBXGroup;
			children = (
				63A15CDA24C274EB001DE12F /* Memento */,
				63A15CF624C274EC001DE12F /* MementoTests */,
				63A15D0124C274EC001DE12F /* MementoUITests */,
				63A15CD924C274EB001DE12F /* Products */,
			);
			sourceTree = "<group>";
		};
		63A15CD924C274EB001DE12F /* Products */ = {
			isa = PBXGroup;
			children = (
				63A15CD824C274EB001DE12F /* Memento.app */,
				63A15CF324C274EC001DE12F /* MementoTests.xctest */,
				63A15CFE24C274EC001DE12F /* MementoUITests.xctest */,
			);
			name = Products;
			sourceTree = "<group>";
		};
		63A15CDA24C274EB001DE12F /* Memento */ = {
			isa = PBXGroup;
			children = (
				63A15D1024C274F2001DE12F /* Memento */,
				63A15CE724C274EC001DE12F /* Assets.xcassets */,
				63A15CE924C274EC001DE12F /* LaunchScreen.storyboard */,
				63A15CEC24C274EC001DE12F /* Info.plist */,
				63A15CED24C274EC001DE12F /* main.m */,
			);
			path = Memento;
			sourceTree = "<group>";
		};
		63A15CF624C274EC001DE12F /* MementoTests */ = {
			isa = PBXGroup;
			children = (
				63A15CF724C274EC001DE12F /* MementoTests.m */,
				63A15CF924C274EC001DE12F /* Info.plist */,
			);
			path = MementoTests;
			sourceTree = "<group>";
		};
		63A15D0124C274EC001DE12F /* MementoUITests */ = {
			isa = PBXGroup;
			children = (
				63A15D0224C274EC001DE12F /* MementoUITests.m */,
				63A15D0424C274EC001DE12F /* Info.plist */,
			);
			path = MementoUITests;
			sourceTree = "<group>";
		};
		63A15D1024C274F2001DE12F /* Memento */ = {
			isa = PBXGroup;
			children = (
				63A15D1124C27500001DE12F /* Memento.h */,
				63A15D1224C27500001DE12F /* Memento.m */,
				63A15D1424C27570001DE12F /* Originator.h */,
				63A15D1524C27570001DE12F /* Originator.m */,
				63A15D1724C2765E001DE12F /* CareTaker.h */,
				63A15D1824C2765E001DE12F /* CareTaker.m */,
			);
			path = Memento;
			sourceTree = "<group>";
		};
/* End PBXGroup section */

/* Begin PBXNativeTarget section */
		63A15CD724C274EB001DE12F /* Memento */ = {
			isa = PBXNativeTarget;
			buildConfigurationList = 63A15D0724C274EC001DE12F /* Build configuration list for PBXNativeTarget "Memento" */;
			buildPhases = (
				63A15CD424C274EB001DE12F /* Sources */,
				63A15CD524C274EB001DE12F /* Frameworks */,
				63A15CD624C274EB001DE12F /* Resources */,
			);
			buildRules = (
			);
			dependencies = (
			);
			name = Memento;
			productName = Memento;
			productReference = 63A15CD824C274EB001DE12F /* Memento.app */;
			productType = "com.apple.product-type.application";
		};
		63A15CF224C274EC001DE12F /* MementoTests */ = {
			isa = PBXNativeTarget;
			buildConfigurationList = 63A15D0A24C274EC001DE12F /* Build configuration list for PBXNativeTarget "MementoTests" */;
			buildPhases = (
				63A15CEF24C274EC001DE12F /* Sources */,
				63A15CF024C274EC001DE12F /* Frameworks */,
				63A15CF124C274EC001DE12F /* Resources */,
			);
			buildRules = (
			);
			dependencies = (
				63A15CF524C274EC001DE12F /* PBXTargetDependency */,
			);
			name = MementoTests;
			productName = MementoTests;
			productReference = 63A15CF324C274EC001DE12F /* MementoTests.xctest */;
			productType = "com.apple.product-type.bundle.unit-test";
		};
		63A15CFD24C274EC001DE12F /* MementoUITests */ = {
			isa = PBXNativeTarget;
			buildConfigurationList = 63A15D0D24C274EC001DE12F /* Build configuration list for PBXNativeTarget "MementoUITests" */;
			buildPhases = (
				63A15CFA24C274EC001DE12F /* Sources */,
				63A15CFB24C274EC001DE12F /* Frameworks */,
				63A15CFC24C274EC001DE12F /* Resources */,
			);
			buildRules = (
			);
			dependencies = (
				63A15D0024C274EC001DE12F /* PBXTargetDependency */,
			);
			name = MementoUITests;
			productName = MementoUITests;
			productReference = 63A15CFE24C274EC001DE12F /* MementoUITests.xctest */;
			productType = "com.apple.product-type.bundle.ui-testing";
		};
/* End PBXNativeTarget section */

/* Begin PBXProject section */
		63A15CD024C274EB001DE12F /* Project object */ = {
			isa = PBXProject;
			attributes = {
				LastUpgradeCheck = 1160;
				ORGANIZATIONNAME = LGB;
				TargetAttributes = {
					63A15CD724C274EB001DE12F = {
						CreatedOnToolsVersion = 11.6;
					};
					63A15CF224C274EC001DE12F = {
						CreatedOnToolsVersion = 11.6;
						TestTargetID = 63A15CD724C274EB001DE12F;
					};
					63A15CFD24C274EC001DE12F = {
						CreatedOnToolsVersion = 11.6;
						TestTargetID = 63A15CD724C274EB001DE12F;
					};
				};
			};
			buildConfigurationList = 63A15CD324C274EB001DE12F /* Build configuration list for PBXProject "Memento" */;
			compatibilityVersion = "Xcode 9.3";
			developmentRegion = en;
			hasScannedForEncodings = 0;
			knownRegions = (
				en,
				Base,
			);
			mainGroup = 63A15CCF24C274EB001DE12F;
			productRefGroup = 63A15CD924C274EB001DE12F /* Products */;
			projectDirPath = "";
			projectRoot = "";
			targets = (
				63A15CD724C274EB001DE12F /* Memento */,
				63A15CF224C274EC001DE12F /* MementoTests */,
				63A15CFD24C274EC001DE12F /* MementoUITests */,
			);
		};
/* End PBXProject section */

/* Begin PBXResourcesBuildPhase section */
		63A15CD624C274EB001DE12F /* Resources */ = {
			isa = PBXResourcesBuildPhase;
			buildActionMask = 2147483647;
			files = (
				63A15CEB24C274EC001DE12F /* LaunchScreen.storyboard in Resources */,
				63A15CE824C274EC001DE12F /* Assets.xcassets in Resources */,
			);
			runOnlyForDeploymentPostprocessing = 0;
		};
		63A15CF124C274EC001DE12F /* Resources */ = {
			isa = PBXResourcesBuildPhase;
			buildActionMask = 2147483647;
			files = (
			);
			runOnlyForDeploymentPostprocessing = 0;
		};
		63A15CFC24C274EC001DE12F /* Resources */ = {
			isa = PBXResourcesBuildPhase;
			buildActionMask = 2147483647;
			files = (
			);
			runOnlyForDeploymentPostprocessing = 0;
		};
/* End PBXResourcesBuildPhase section */

/* Begin PBXSourcesBuildPhase section */
		63A15CD424C274EB001DE12F /* Sources */ = {
			isa = PBXSourcesBuildPhase;
			buildActionMask = 2147483647;
			files = (
				63A15D1924C2765E001DE12F /* CareTaker.m in Sources */,
				63A15CEE24C274EC001DE12F /* main.m in Sources */,
				63A15D1324C27500001DE12F /* Memento.m in Sources */,
				63A15D1624C27570001DE12F /* Originator.m in Sources */,
			);
			runOnlyForDeploymentPostprocessing = 0;
		};
		63A15CEF24C274EC001DE12F /* Sources */ = {
			isa = PBXSourcesBuildPhase;
			buildActionMask = 2147483647;
			files = (
				63A15CF824C274EC001DE12F /* MementoTests.m in Sources */,
			);
			runOnlyForDeploymentPostprocessing = 0;
		};
		63A15CFA24C274EC001DE12F /* Sources */ = {
			isa = PBXSourcesBuildPhase;
			buildActionMask = 2147483647;
			files = (
				63A15D0324C274EC001DE12F /* MementoUITests.m in Sources */,
			);
			runOnlyForDeploymentPostprocessing = 0;
		};
/* End PBXSourcesBuildPhase section */

/* Begin PBXTargetDependency section */
		63A15CF524C274EC001DE12F /* PBXTargetDependency */ = {
			isa = PBXTargetDependency;
			target = 63A15CD724C274EB001DE12F /* Memento */;
			targetProxy = 63A15CF424C274EC001DE12F /* PBXContainerItemProxy */;
		};
		63A15D0024C274EC001DE12F /* PBXTargetDependency */ = {
			isa = PBXTargetDependency;
			target = 63A15CD724C274EB001DE12F /* Memento */;
			targetProxy = 63A15CFF24C274EC001DE12F /* PBXContainerItemProxy */;
		};
/* End PBXTargetDependency section */

/* Begin PBXVariantGroup section */
		63A15CE924C274EC001DE12F /* LaunchScreen.storyboard */ = {
			isa = PBXVariantGroup;
			children = (
				63A15CEA24C274EC001DE12F /* Base */,
			);
			name = LaunchScreen.storyboard;
			sourceTree = "<group>";
		};
/* End PBXVariantGroup section */

/* Begin XCBuildConfiguration section */
		63A15D0524C274EC001DE12F /* Debug */ = {
			isa = XCBuildConfiguration;
			buildSettings = {
				ALWAYS_SEARCH_USER_PATHS = NO;
				CLANG_ANALYZER_NONNULL = YES;
				CLANG_ANALYZER_NUMBER_OBJECT_CONVERSION = YES_AGGRESSIVE;
				CLANG_CXX_LANGUAGE_STANDARD = "gnu++14";
				CLANG_CXX_LIBRARY = "libc++";
				CLANG_ENABLE_MODULES = YES;
				CLANG_ENABLE_OBJC_ARC = YES;
				CLANG_ENABLE_OBJC_WEAK = YES;
				CLANG_WARN_BLOCK_CAPTURE_AUTORELEASING = YES;
				CLANG_WARN_BOOL_CONVERSION = YES;
				CLANG_WARN_COMMA = YES;
				CLANG_WARN_CONSTANT_CONVERSION = YES;
				CLANG_WARN_DEPRECATED_OBJC_IMPLEMENTATIONS = YES;
				CLANG_WARN_DIRECT_OBJC_ISA_USAGE = YES_ERROR;
				CLANG_WARN_DOCUMENTATION_COMMENTS = YES;
				CLANG_WARN_EMPTY_BODY = YES;
				CLANG_WARN_ENUM_CONVERSION = YES;
				CLANG_WARN_INFINITE_RECURSION = YES;
				CLANG_WARN_INT_CONVERSION = YES;
				CLANG_WARN_NON_LITERAL_NULL_CONVERSION = YES;
				CLANG_WARN_OBJC_IMPLICIT_RETAIN_SELF = YES;
				CLANG_WARN_OBJC_LITERAL_CONVERSION = YES;
				CLANG_WARN_OBJC_ROOT_CLASS = YES_ERROR;
				CLANG_WARN_RANGE_LOOP_ANALYSIS = YES;
				CLANG_WARN_STRICT_PROTOTYPES = YES;
				CLANG_WARN_SUSPICIOUS_MOVE = YES;
				CLANG_WARN_UNGUARDED_AVAILABILITY = YES_AGGRESSIVE;
				CLANG_WARN_UNREACHABLE_CODE = YES;
				CLANG_WARN__DUPLICATE_METHOD_MATCH = YES;
				COPY_PHASE_STRIP = NO;
				DEBUG_INFORMATION_FORMAT = dwarf;
				ENABLE_STRICT_OBJC_MSGSEND = YES;
				ENABLE_TESTABILITY = YES;
				GCC_C_LANGUAGE_STANDARD = gnu11;
				GCC_DYNAMIC_NO_PIC = NO;
				GCC_NO_COMMON_BLOCKS = YES;
				GCC_OPTIMIZATION_LEVEL = 0;
				GCC_PREPROCESSOR_DEFINITIONS = (
					"DEBUG=1",
					"$(inherited)",
				);
				GCC_WARN_64_TO_32_BIT_CONVERSION = YES;
				GCC_WARN_ABOUT_RETURN_TYPE = YES_ERROR;
				GCC_WARN_UNDECLARED_SELECTOR = YES;
				GCC_WARN_UNINITIALIZED_AUTOS = YES_AGGRESSIVE;
				GCC_WARN_UNUSED_FUNCTION = YES;
				GCC_WARN_UNUSED_VARIABLE = YES;
				IPHONEOS_DEPLOYMENT_TARGET = 13.6;
				MTL_ENABLE_DEBUG_INFO = INCLUDE_SOURCE;
				MTL_FAST_MATH = YES;
				ONLY_ACTIVE_ARCH = YES;
				SDKROOT = iphoneos;
			};
			name = Debug;
		};
		63A15D0624C274EC001DE12F /* Release */ = {
			isa = XCBuildConfiguration;
			buildSettings = {
				ALWAYS_SEARCH_USER_PATHS = NO;
				CLANG_ANALYZER_NONNULL = YES;
				CLANG_ANALYZER_NUMBER_OBJECT_CONVERSION = YES_AGGRESSIVE;
				CLANG_CXX_LANGUAGE_STANDARD = "gnu++14";
				CLANG_CXX_LIBRARY = "libc++";
				CLANG_ENABLE_MODULES = YES;
				CLANG_ENABLE_OBJC_ARC = YES;
				CLANG_ENABLE_OBJC_WEAK = YES;
				CLANG_WARN_BLOCK_CAPTURE_AUTORELEASING = YES;
				CLANG_WARN_BOOL_CONVERSION = YES;
				CLANG_WARN_COMMA = YES;
				CLANG_WARN_CONSTANT_CONVERSION = YES;
				CLANG_WARN_DEPRECATED_OBJC_IMPLEMENTATIONS = YES;
				CLANG_WARN_DIRECT_OBJC_ISA_USAGE = YES_ERROR;
				CLANG_WARN_DOCUMENTATION_COMMENTS = YES;
				CLANG_WARN_EMPTY_BODY = YES;
				CLANG_WARN_ENUM_CONVERSION = YES;
				CLANG_WARN_INFINITE_RECURSION = YES;
				CLANG_WARN_INT_CONVERSION = YES;
				CLANG_WARN_NON_LITERAL_NULL_CONVERSION = YES;
				CLANG_WARN_OBJC_IMPLICIT_RETAIN_SELF = YES;
				CLANG_WARN_OBJC_LITERAL_CONVERSION = YES;
				CLANG_WARN_OBJC_ROOT_CLASS = YES_ERROR;
				CLANG_WARN_RANGE_LOOP_ANALYSIS = YES;
				CLANG_WARN_STRICT_PROTOTYPES = YES;
				CLANG_WARN_SUSPICIOUS_MOVE = YES;
				CLANG_WARN_UNGUARDED_AVAILABILITY = YES_AGGRESSIVE;
				CLANG_WARN_UNREACHABLE_CODE = YES;
				CLANG_WARN__DUPLICATE_METHOD_MATCH = YES;
				COPY_PHASE_STRIP = NO;
				DEBUG_INFORMATION_FORMAT = "dwarf-with-dsym";
				ENABLE_NS_ASSERTIONS = NO;
				ENABLE_STRICT_OBJC_MSGSEND = YES;
				GCC_C_LANGUAGE_STANDARD = gnu11;
				GCC_NO_COMMON_BLOCKS = YES;
				GCC_WARN_64_TO_32_BIT_CONVERSION = YES;
				GCC_WARN_ABOUT_RETURN_TYPE = YES_ERROR;
				GCC_WARN_UNDECLARED_SELECTOR = YES;
				GCC_WARN_UNINITIALIZED_AUTOS = YES_AGGRESSIVE;
				GCC_WARN_UNUSED_FUNCTION = YES;
				GCC_WARN_UNUSED_VARIABLE = YES;
				IPHONEOS_DEPLOYMENT_TARGET = 13.6;
				MTL_ENABLE_DEBUG_INFO = NO;
				MTL_FAST_MATH = YES;
				SDKROOT = iphoneos;
				VALIDATE_PRODUCT = YES;
			};
			name = Release;
		};
		63A15D0824C274EC001DE12F /* Debug */ = {
			isa = XCBuildConfiguration;
			buildSettings = {
				ASSETCATALOG_COMPILER_APPICON_NAME = AppIcon;
				CODE_SIGN_STYLE = Automatic;
				DEVELOPMENT_TEAM = 8N4DBBN9VP;
				INFOPLIST_FILE = Memento/Info.plist;
				LD_RUNPATH_SEARCH_PATHS = (
					"$(inherited)",
					"@executable_path/Frameworks",
				);
				PRODUCT_BUNDLE_IDENTIFIER = lgb.Memento;
				PRODUCT_NAME = "$(TARGET_NAME)";
				TARGETED_DEVICE_FAMILY = "1,2";
			};
			name = Debug;
		};
		63A15D0924C274EC001DE12F /* Release */ = {
			isa = XCBuildConfiguration;
			buildSettings = {
				ASSETCATALOG_COMPILER_APPICON_NAME = AppIcon;
				CODE_SIGN_STYLE = Automatic;
				DEVELOPMENT_TEAM = 8N4DBBN9VP;
				INFOPLIST_FILE = Memento/Info.plist;
				LD_RUNPATH_SEARCH_PATHS = (
					"$(inherited)",
					"@executable_path/Frameworks",
				);
				PRODUCT_BUNDLE_IDENTIFIER = lgb.Memento;
				PRODUCT_NAME = "$(TARGET_NAME)";
				TARGETED_DEVICE_FAMILY = "1,2";
			};
			name = Release;
		};
		63A15D0B24C274EC001DE12F /* Debug */ = {
			isa = XCBuildConfiguration;
			buildSettings = {
				BUNDLE_LOADER = "$(TEST_HOST)";
				CODE_SIGN_STYLE = Automatic;
				DEVELOPMENT_TEAM = 8N4DBBN9VP;
				INFOPLIST_FILE = MementoTests/Info.plist;
				IPHONEOS_DEPLOYMENT_TARGET = 13.6;
				LD_RUNPATH_SEARCH_PATHS = (
					"$(inherited)",
					"@executable_path/Frameworks",
					"@loader_path/Frameworks",
				);
				PRODUCT_BUNDLE_IDENTIFIER = lgb.MementoTests;
				PRODUCT_NAME = "$(TARGET_NAME)";
				TARGETED_DEVICE_FAMILY = "1,2";
				TEST_HOST = "$(BUILT_PRODUCTS_DIR)/Memento.app/Memento";
			};
			name = Debug;
		};
		63A15D0C24C274EC001DE12F /* Release */ = {
			isa = XCBuildConfiguration;
			buildSettings = {
				BUNDLE_LOADER = "$(TEST_HOST)";
				CODE_SIGN_STYLE = Automatic;
				DEVELOPMENT_TEAM = 8N4DBBN9VP;
				INFOPLIST_FILE = MementoTests/Info.plist;
				IPHONEOS_DEPLOYMENT_TARGET = 13.6;
				LD_RUNPATH_SEARCH_PATHS = (
					"$(inherited)",
					"@executable_path/Frameworks",
					"@loader_path/Frameworks",
				);
				PRODUCT_BUNDLE_IDENTIFIER = lgb.MementoTests;
				PRODUCT_NAME = "$(TARGET_NAME)";
				TARGETED_DEVICE_FAMILY = "1,2";
				TEST_HOST = "$(BUILT_PRODUCTS_DIR)/Memento.app/Memento";
			};
			name = Release;
		};
		63A15D0E24C274EC001DE12F /* Debug */ = {
			isa = XCBuildConfiguration;
			buildSettings = {
				CODE_SIGN_STYLE = Automatic;
				DEVELOPMENT_TEAM = 8N4DBBN9VP;
				INFOPLIST_FILE = MementoUITests/Info.plist;
				LD_RUNPATH_SEARCH_PATHS = (
					"$(inherited)",
					"@executable_path/Frameworks",
					"@loader_path/Frameworks",
				);
				PRODUCT_BUNDLE_IDENTIFIER = lgb.MementoUITests;
				PRODUCT_NAME = "$(TARGET_NAME)";
				TARGETED_DEVICE_FAMILY = "1,2";
				TEST_TARGET_NAME = Memento;
			};
			name = Debug;
		};
		63A15D0F24C274EC001DE12F /* Release */ = {
			isa = XCBuildConfiguration;
			buildSettings = {
				CODE_SIGN_STYLE = Automatic;
				DEVELOPMENT_TEAM = 8N4DBBN9VP;
				INFOPLIST_FILE = MementoUITests/Info.plist;
				LD_RUNPATH_SEARCH_PATHS = (
					"$(inherited)",
					"@executable_path/Frameworks",
					"@loader_path/Frameworks",
				);
				PRODUCT_BUNDLE_IDENTIFIER = lgb.MementoUITests;
				PRODUCT_NAME = "$(TARGET_NAME)";
				TARGETED_DEVICE_FAMILY = "1,2";
				TEST_TARGET_NAME = Memento;
			};
			name = Release;
		};
/* End XCBuildConfiguration section */

/* Begin XCConfigurationList section */
		63A15CD324C274EB001DE12F /* Build configuration list for PBXProject "Memento" */ = {
			isa = XCConfigurationList;
			buildConfigurations = (
				63A15D0524C274EC001DE12F /* Debug */,
				63A15D0624C274EC001DE12F /* Release */,
			);
			defaultConfigurationIsVisible = 0;
			defaultConfigurationName = Release;
		};
		63A15D0724C274EC001DE12F /* Build configuration list for PBXNativeTarget "Memento" */ = {
			isa = XCConfigurationList;
			buildConfigurations = (
				63A15D0824C274EC001DE12F /* Debug */,
				63A15D0924C274EC001DE12F /* Release */,
			);
			defaultConfigurationIsVisible = 0;
			defaultConfigurationName = Release;
		};
		63A15D0A24C274EC001DE12F /* Build configuration list for PBXNativeTarget "MementoTests" */ = {
			isa = XCConfigurationList;
			buildConfigurations = (
				63A15D0B24C274EC001DE12F /* Debug */,
				63A15D0C24C274EC001DE12F /* Release */,
			);
			defaultConfigurationIsVisible = 0;
			defaultConfigurationName = Release;
		};
		63A15D0D24C274EC001DE12F /* Build configuration list for PBXNativeTarget "MementoUITests" */ = {
			isa = XCConfigurationList;
			buildConfigurations = (
				63A15D0E24C274EC001DE12F /* Debug */,
				63A15D0F24C274EC001DE12F /* Release */,
			);
			defaultConfigurationIsVisible = 0;
			defaultConfigurationName = Release;
		};
/* End XCConfigurationList section */
	};
	rootObject = 63A15CD024C274EB001DE12F /* Project object */;
}
