// !$*UTF8*$!
{
	archiveVersion = 1;
	classes = {
	};
	objectVersion = 50;
	objects = {

/* Begin PBXBuildFile section */
		63A15CA024C27197001DE12F /* Assets.xcassets in Resources */ = {isa = PBXBuildFile; fileRef = 63A15C9F24C27197001DE12F /* Assets.xcassets */; };
		63A15CA324C27197001DE12F /* LaunchScreen.storyboard in Resources */ = {isa = PBXBuildFile; fileRef = 63A15CA124C27197001DE12F /* LaunchScreen.storyboard */; };
		63A15CA624C27197001DE12F /* main.m in Sources */ = {isa = PBXBuildFile; fileRef = 63A15CA524C27197001DE12F /* main.m */; };
		63A15CB024C27197001DE12F /* MediatorTests.m in Sources */ = {isa = PBXBuildFile; fileRef = 63A15CAF24C27197001DE12F /* MediatorTests.m */; };
		63A15CBB24C27197001DE12F /* MediatorUITests.m in Sources */ = {isa = PBXBuildFile; fileRef = 63A15CBA24C27197001DE12F /* MediatorUITests.m */; };
		63A15CCB24C271E7001DE12F /* ChatRoom.m in Sources */ = {isa = PBXBuildFile; fileRef = 63A15CCA24C271E7001DE12F /* ChatRoom.m */; };
		63A15CCE24C27239001DE12F /* User.m in Sources */ = {isa = PBXBuildFile; fileRef = 63A15CCD24C27239001DE12F /* User.m */; };
/* End PBXBuildFile section */

/* Begin PBXContainerItemProxy section */
		63A15CAC24C27197001DE12F /* PBXContainerItemProxy */ = {
			isa = PBXContainerItemProxy;
			containerPortal = 63A15C8824C27195001DE12F /* Project object */;
			proxyType = 1;
			remoteGlobalIDString = 63A15C8F24C27195001DE12F;
			remoteInfo = Mediator;
		};
		63A15CB724C27197001DE12F /* PBXContainerItemProxy */ = {
			isa = PBXContainerItemProxy;
			containerPortal = 63A15C8824C27195001DE12F /* Project object */;
			proxyType = 1;
			remoteGlobalIDString = 63A15C8F24C27195001DE12F;
			remoteInfo = Mediator;
		};
/* End PBXContainerItemProxy section */

/* Begin PBXFileReference section */
		63A15C9024C27195001DE12F /* Mediator.app */ = {isa = PBXFileReference; explicitFileType = wrapper.application; includeInIndex = 0; path = Mediator.app; sourceTree = BUILT_PRODUCTS_DIR; };
		63A15C9F24C27197001DE12F /* Assets.xcassets */ = {isa = PBXFileReference; lastKnownFileType = folder.assetcatalog; path = Assets.xcassets; sourceTree = "<group>"; };
		63A15CA224C27197001DE12F /* Base */ = {isa = PBXFileReference; lastKnownFileType = file.storyboard; name = Base; path = Base.lproj/LaunchScreen.storyboard; sourceTree = "<group>"; };
		63A15CA424C27197001DE12F /* Info.plist */ = {isa = PBXFileReference; lastKnownFileType = text.plist.xml; path = Info.plist; sourceTree = "<group>"; };
		63A15CA524C27197001DE12F /* main.m */ = {isa = PBXFileReference; lastKnownFileType = sourcecode.c.objc; path = main.m; sourceTree = "<group>"; };
		63A15CAB24C27197001DE12F /* MediatorTests.xctest */ = {isa = PBXFileReference; explicitFileType = wrapper.cfbundle; includeInIndex = 0; path = MediatorTests.xctest; sourceTree = BUILT_PRODUCTS_DIR; };
		63A15CAF24C27197001DE12F /* MediatorTests.m */ = {isa = PBXFileReference; lastKnownFileType = sourcecode.c.objc; path = MediatorTests.m; sourceTree = "<group>"; };
		63A15CB124C27197001DE12F /* Info.plist */ = {isa = PBXFileReference; lastKnownFileType = text.plist.xml; path = Info.plist; sourceTree = "<group>"; };
		63A15CB624C27197001DE12F /* MediatorUITests.xctest */ = {isa = PBXFileReference; explicitFileType = wrapper.cfbundle; includeInIndex = 0; path = MediatorUITests.xctest; sourceTree = BUILT_PRODUCTS_DIR; };
		63A15CBA24C27197001DE12F /* MediatorUITests.m */ = {isa = PBXFileReference; lastKnownFileType = sourcecode.c.objc; path = MediatorUITests.m; sourceTree = "<group>"; };
		63A15CBC24C27197001DE12F /* Info.plist */ = {isa = PBXFileReference; lastKnownFileType = text.plist.xml; path = Info.plist; sourceTree = "<group>"; };
		63A15CC924C271E7001DE12F /* ChatRoom.h */ = {isa = PBXFileReference; lastKnownFileType = sourcecode.c.h; path = ChatRoom.h; sourceTree = "<group>"; };
		63A15CCA24C271E7001DE12F /* ChatRoom.m */ = {isa = PBXFileReference; lastKnownFileType = sourcecode.c.objc; path = ChatRoom.m; sourceTree = "<group>"; };
		63A15CCC24C27239001DE12F /* User.h */ = {isa = PBXFileReference; lastKnownFileType = sourcecode.c.h; path = User.h; sourceTree = "<group>"; };
		63A15CCD24C27239001DE12F /* User.m */ = {isa = PBXFileReference; lastKnownFileType = sourcecode.c.objc; path = User.m; sourceTree = "<group>"; };
/* End PBXFileReference section */

/* Begin PBXFrameworksBuildPhase section */
		63A15C8D24C27195001DE12F /* Frameworks */ = {
			isa = PBXFrameworksBuildPhase;
			buildActionMask = 2147483647;
			files = (
			);
			runOnlyForDeploymentPostprocessing = 0;
		};
		63A15CA824C27197001DE12F /* Frameworks */ = {
			isa = PBXFrameworksBuildPhase;
			buildActionMask = 2147483647;
			files = (
			);
			runOnlyForDeploymentPostprocessing = 0;
		};
		63A15CB324C27197001DE12F /* Frameworks */ = {
			isa = PBXFrameworksBuildPhase;
			buildActionMask = 2147483647;
			files = (
			);
			runOnlyForDeploymentPostprocessing = 0;
		};
/* End PBXFrameworksBuildPhase section */

/* Begin PBXGroup section */
		63A15C8724C27195001DE12F = {
			isa = PBXGroup;
			children = (
				63A15C9224C27195001DE12F /* Mediator */,
				63A15CAE24C27197001DE12F /* MediatorTests */,
				63A15CB924C27197001DE12F /* MediatorUITests */,
				63A15C9124C27195001DE12F /* Products */,
			);
			sourceTree = "<group>";
		};
		63A15C9124C27195001DE12F /* Products */ = {
			isa = PBXGroup;
			children = (
				63A15C9024C27195001DE12F /* Mediator.app */,
				63A15CAB24C27197001DE12F /* MediatorTests.xctest */,
				63A15CB624C27197001DE12F /* MediatorUITests.xctest */,
			);
			name = Products;
			sourceTree = "<group>";
		};
		63A15C9224C27195001DE12F /* Mediator */ = {
			isa = PBXGroup;
			children = (
				63A15CC824C271BB001DE12F /* Mediator */,
				63A15C9F24C27197001DE12F /* Assets.xcassets */,
				63A15CA124C27197001DE12F /* LaunchScreen.storyboard */,
				63A15CA424C27197001DE12F /* Info.plist */,
				63A15CA524C27197001DE12F /* main.m */,
			);
			path = Mediator;
			sourceTree = "<group>";
		};
		63A15CAE24C27197001DE12F /* MediatorTests */ = {
			isa = PBXGroup;
			children = (
				63A15CAF24C27197001DE12F /* MediatorTests.m */,
				63A15CB124C27197001DE12F /* Info.plist */,
			);
			path = MediatorTests;
			sourceTree = "<group>";
		};
		63A15CB924C27197001DE12F /* MediatorUITests */ = {
			isa = PBXGroup;
			children = (
				63A15CBA24C27197001DE12F /* MediatorUITests.m */,
				63A15CBC24C27197001DE12F /* Info.plist */,
			);
			path = MediatorUITests;
			sourceTree = "<group>";
		};
		63A15CC824C271BB001DE12F /* Mediator */ = {
			isa = PBXGroup;
			children = (
				63A15CC924C271E7001DE12F /* ChatRoom.h */,
				63A15CCA24C271E7001DE12F /* ChatRoom.m */,
				63A15CCC24C27239001DE12F /* User.h */,
				63A15CCD24C27239001DE12F /* User.m */,
			);
			path = Mediator;
			sourceTree = "<group>";
		};
/* End PBXGroup section */

/* Begin PBXNativeTarget section */
		63A15C8F24C27195001DE12F /* Mediator */ = {
			isa = PBXNativeTarget;
			buildConfigurationList = 63A15CBF24C27197001DE12F /* Build configuration list for PBXNativeTarget "Mediator" */;
			buildPhases = (
				63A15C8C24C27195001DE12F /* Sources */,
				63A15C8D24C27195001DE12F /* Frameworks */,
				63A15C8E24C27195001DE12F /* Resources */,
			);
			buildRules = (
			);
			dependencies = (
			);
			name = Mediator;
			productName = Mediator;
			productReference = 63A15C9024C27195001DE12F /* Mediator.app */;
			productType = "com.apple.product-type.application";
		};
		63A15CAA24C27197001DE12F /* MediatorTests */ = {
			isa = PBXNativeTarget;
			buildConfigurationList = 63A15CC224C27197001DE12F /* Build configuration list for PBXNativeTarget "MediatorTests" */;
			buildPhases = (
				63A15CA724C27197001DE12F /* Sources */,
				63A15CA824C27197001DE12F /* Frameworks */,
				63A15CA924C27197001DE12F /* Resources */,
			);
			buildRules = (
			);
			dependencies = (
				63A15CAD24C27197001DE12F /* PBXTargetDependency */,
			);
			name = MediatorTests;
			productName = MediatorTests;
			productReference = 63A15CAB24C27197001DE12F /* MediatorTests.xctest */;
			productType = "com.apple.product-type.bundle.unit-test";
		};
		63A15CB524C27197001DE12F /* MediatorUITests */ = {
			isa = PBXNativeTarget;
			buildConfigurationList = 63A15CC524C27197001DE12F /* Build configuration list for PBXNativeTarget "MediatorUITests" */;
			buildPhases = (
				63A15CB224C27197001DE12F /* Sources */,
				63A15CB324C27197001DE12F /* Frameworks */,
				63A15CB424C27197001DE12F /* Resources */,
			);
			buildRules = (
			);
			dependencies = (
				63A15CB824C27197001DE12F /* PBXTargetDependency */,
			);
			name = MediatorUITests;
			productName = MediatorUITests;
			productReference = 63A15CB624C27197001DE12F /* MediatorUITests.xctest */;
			productType = "com.apple.product-type.bundle.ui-testing";
		};
/* End PBXNativeTarget section */

/* Begin PBXProject section */
		63A15C8824C27195001DE12F /* Project object */ = {
			isa = PBXProject;
			attributes = {
				LastUpgradeCheck = 1160;
				ORGANIZATIONNAME = LGB;
				TargetAttributes = {
					63A15C8F24C27195001DE12F = {
						CreatedOnToolsVersion = 11.6;
					};
					63A15CAA24C27197001DE12F = {
						CreatedOnToolsVersion = 11.6;
						TestTargetID = 63A15C8F24C27195001DE12F;
					};
					63A15CB524C27197001DE12F = {
						CreatedOnToolsVersion = 11.6;
						TestTargetID = 63A15C8F24C27195001DE12F;
					};
				};
			};
			buildConfigurationList = 63A15C8B24C27195001DE12F /* Build configuration list for PBXProject "Mediator" */;
			compatibilityVersion = "Xcode 9.3";
			developmentRegion = en;
			hasScannedForEncodings = 0;
			knownRegions = (
				en,
				Base,
			);
			mainGroup = 63A15C8724C27195001DE12F;
			productRefGroup = 63A15C9124C27195001DE12F /* Products */;
			projectDirPath = "";
			projectRoot = "";
			targets = (
				63A15C8F24C27195001DE12F /* Mediator */,
				63A15CAA24C27197001DE12F /* MediatorTests */,
				63A15CB524C27197001DE12F /* MediatorUITests */,
			);
		};
/* End PBXProject section */

/* Begin PBXResourcesBuildPhase section */
		63A15C8E24C27195001DE12F /* Resources */ = {
			isa = PBXResourcesBuildPhase;
			buildActionMask = 2147483647;
			files = (
				63A15CA324C27197001DE12F /* LaunchScreen.storyboard in Resources */,
				63A15CA024C27197001DE12F /* Assets.xcassets in Resources */,
			);
			runOnlyForDeploymentPostprocessing = 0;
		};
		63A15CA924C27197001DE12F /* Resources */ = {
			isa = PBXResourcesBuildPhase;
			buildActionMask = 2147483647;
			files = (
			);
			runOnlyForDeploymentPostprocessing = 0;
		};
		63A15CB424C27197001DE12F /* Resources */ = {
			isa = PBXResourcesBuildPhase;
			buildActionMask = 2147483647;
			files = (
			);
			runOnlyForDeploymentPostprocessing = 0;
		};
/* End PBXResourcesBuildPhase section */

/* Begin PBXSourcesBuildPhase section */
		63A15C8C24C27195001DE12F /* Sources */ = {
			isa = PBXSourcesBuildPhase;
			buildActionMask = 2147483647;
			files = (
				63A15CCE24C27239001DE12F /* User.m in Sources */,
				63A15CA624C27197001DE12F /* main.m in Sources */,
				63A15CCB24C271E7001DE12F /* ChatRoom.m in Sources */,
			);
			runOnlyForDeploymentPostprocessing = 0;
		};
		63A15CA724C27197001DE12F /* Sources */ = {
			isa = PBXSourcesBuildPhase;
			buildActionMask = 2147483647;
			files = (
				63A15CB024C27197001DE12F /* MediatorTests.m in Sources */,
			);
			runOnlyForDeploymentPostprocessing = 0;
		};
		63A15CB224C27197001DE12F /* Sources */ = {
			isa = PBXSourcesBuildPhase;
			buildActionMask = 2147483647;
			files = (
				63A15CBB24C27197001DE12F /* MediatorUITests.m in Sources */,
			);
			runOnlyForDeploymentPostprocessing = 0;
		};
/* End PBXSourcesBuildPhase section */

/* Begin PBXTargetDependency section */
		63A15CAD24C27197001DE12F /* PBXTargetDependency */ = {
			isa = PBXTargetDependency;
			target = 63A15C8F24C27195001DE12F /* Mediator */;
			targetProxy = 63A15CAC24C27197001DE12F /* PBXContainerItemProxy */;
		};
		63A15CB824C27197001DE12F /* PBXTargetDependency */ = {
			isa = PBXTargetDependency;
			target = 63A15C8F24C27195001DE12F /* Mediator */;
			targetProxy = 63A15CB724C27197001DE12F /* PBXContainerItemProxy */;
		};
/* End PBXTargetDependency section */

/* Begin PBXVariantGroup section */
		63A15CA124C27197001DE12F /* LaunchScreen.storyboard */ = {
			isa = PBXVariantGroup;
			children = (
				63A15CA224C27197001DE12F /* Base */,
			);
			name = LaunchScreen.storyboard;
			sourceTree = "<group>";
		};
/* End PBXVariantGroup section */

/* Begin XCBuildConfiguration section */
		63A15CBD24C27197001DE12F /* Debug */ = {
			isa = XCBuildConfiguration;
			buildSettings = {
				ALWAYS_SEARCH_USER_PATHS = NO;
				CLANG_ANALYZER_NONNULL = YES;
				CLANG_ANALYZER_NUMBER_OBJECT_CONVERSION = YES_AGGRESSIVE;
				CLANG_CXX_LANGUAGE_STANDARD = "gnu++14";
				CLANG_CXX_LIBRARY = "libc++";
				CLANG_ENABLE_MODULES = YES;
				CLANG_ENABLE_OBJC_ARC = YES;
				CLANG_ENABLE_OBJC_WEAK = YES;
				CLANG_WARN_BLOCK_CAPTURE_AUTORELEASING = YES;
				CLANG_WARN_BOOL_CONVERSION = YES;
				CLANG_WARN_COMMA = YES;
				CLANG_WARN_CONSTANT_CONVERSION = YES;
				CLANG_WARN_DEPRECATED_OBJC_IMPLEMENTATIONS = YES;
				CLANG_WARN_DIRECT_OBJC_ISA_USAGE = YES_ERROR;
				CLANG_WARN_DOCUMENTATION_COMMENTS = YES;
				CLANG_WARN_EMPTY_BODY = YES;
				CLANG_WARN_ENUM_CONVERSION = YES;
				CLANG_WARN_INFINITE_RECURSION = YES;
				CLANG_WARN_INT_CONVERSION = YES;
				CLANG_WARN_NON_LITERAL_NULL_CONVERSION = YES;
				CLANG_WARN_OBJC_IMPLICIT_RETAIN_SELF = YES;
				CLANG_WARN_OBJC_LITERAL_CONVERSION = YES;
				CLANG_WARN_OBJC_ROOT_CLASS = YES_ERROR;
				CLANG_WARN_RANGE_LOOP_ANALYSIS = YES;
				CLANG_WARN_STRICT_PROTOTYPES = YES;
				CLANG_WARN_SUSPICIOUS_MOVE = YES;
				CLANG_WARN_UNGUARDED_AVAILABILITY = YES_AGGRESSIVE;
				CLANG_WARN_UNREACHABLE_CODE = YES;
				CLANG_WARN__DUPLICATE_METHOD_MATCH = YES;
				COPY_PHASE_STRIP = NO;
				DEBUG_INFORMATION_FORMAT = dwarf;
				ENABLE_STRICT_OBJC_MSGSEND = YES;
				ENABLE_TESTABILITY = YES;
				GCC_C_LANGUAGE_STANDARD = gnu11;
				GCC_DYNAMIC_NO_PIC = NO;
				GCC_NO_COMMON_BLOCKS = YES;
				GCC_OPTIMIZATION_LEVEL = 0;
				GCC_PREPROCESSOR_DEFINITIONS = (
					"DEBUG=1",
					"$(inherited)",
				);
				GCC_WARN_64_TO_32_BIT_CONVERSION = YES;
				GCC_WARN_ABOUT_RETURN_TYPE = YES_ERROR;
				GCC_WARN_UNDECLARED_SELECTOR = YES;
				GCC_WARN_UNINITIALIZED_AUTOS = YES_AGGRESSIVE;
				GCC_WARN_UNUSED_FUNCTION = YES;
				GCC_WARN_UNUSED_VARIABLE = YES;
				IPHONEOS_DEPLOYMENT_TARGET = 13.6;
				MTL_ENABLE_DEBUG_INFO = INCLUDE_SOURCE;
				MTL_FAST_MATH = YES;
				ONLY_ACTIVE_ARCH = YES;
				SDKROOT = iphoneos;
			};
			name = Debug;
		};
		63A15CBE24C27197001DE12F /* Release */ = {
			isa = XCBuildConfiguration;
			buildSettings = {
				ALWAYS_SEARCH_USER_PATHS = NO;
				CLANG_ANALYZER_NONNULL = YES;
				CLANG_ANALYZER_NUMBER_OBJECT_CONVERSION = YES_AGGRESSIVE;
				CLANG_CXX_LANGUAGE_STANDARD = "gnu++14";
				CLANG_CXX_LIBRARY = "libc++";
				CLANG_ENABLE_MODULES = YES;
				CLANG_ENABLE_OBJC_ARC = YES;
				CLANG_ENABLE_OBJC_WEAK = YES;
				CLANG_WARN_BLOCK_CAPTURE_AUTORELEASING = YES;
				CLANG_WARN_BOOL_CONVERSION = YES;
				CLANG_WARN_COMMA = YES;
				CLANG_WARN_CONSTANT_CONVERSION = YES;
				CLANG_WARN_DEPRECATED_OBJC_IMPLEMENTATIONS = YES;
				CLANG_WARN_DIRECT_OBJC_ISA_USAGE = YES_ERROR;
				CLANG_WARN_DOCUMENTATION_COMMENTS = YES;
				CLANG_WARN_EMPTY_BODY = YES;
				CLANG_WARN_ENUM_CONVERSION = YES;
				CLANG_WARN_INFINITE_RECURSION = YES;
				CLANG_WARN_INT_CONVERSION = YES;
				CLANG_WARN_NON_LITERAL_NULL_CONVERSION = YES;
				CLANG_WARN_OBJC_IMPLICIT_RETAIN_SELF = YES;
				CLANG_WARN_OBJC_LITERAL_CONVERSION = YES;
				CLANG_WARN_OBJC_ROOT_CLASS = YES_ERROR;
				CLANG_WARN_RANGE_LOOP_ANALYSIS = YES;
				CLANG_WARN_STRICT_PROTOTYPES = YES;
				CLANG_WARN_SUSPICIOUS_MOVE = YES;
				CLANG_WARN_UNGUARDED_AVAILABILITY = YES_AGGRESSIVE;
				CLANG_WARN_UNREACHABLE_CODE = YES;
				CLANG_WARN__DUPLICATE_METHOD_MATCH = YES;
				COPY_PHASE_STRIP = NO;
				DEBUG_INFORMATION_FORMAT = "dwarf-with-dsym";
				ENABLE_NS_ASSERTIONS = NO;
				ENABLE_STRICT_OBJC_MSGSEND = YES;
				GCC_C_LANGUAGE_STANDARD = gnu11;
				GCC_NO_COMMON_BLOCKS = YES;
				GCC_WARN_64_TO_32_BIT_CONVERSION = YES;
				GCC_WARN_ABOUT_RETURN_TYPE = YES_ERROR;
				GCC_WARN_UNDECLARED_SELECTOR = YES;
				GCC_WARN_UNINITIALIZED_AUTOS = YES_AGGRESSIVE;
				GCC_WARN_UNUSED_FUNCTION = YES;
				GCC_WARN_UNUSED_VARIABLE = YES;
				IPHONEOS_DEPLOYMENT_TARGET = 13.6;
				MTL_ENABLE_DEBUG_INFO = NO;
				MTL_FAST_MATH = YES;
				SDKROOT = iphoneos;
				VALIDATE_PRODUCT = YES;
			};
			name = Release;
		};
		63A15CC024C27197001DE12F /* Debug */ = {
			isa = XCBuildConfiguration;
			buildSettings = {
				ASSETCATALOG_COMPILER_APPICON_NAME = AppIcon;
				CODE_SIGN_STYLE = Automatic;
				DEVELOPMENT_TEAM = 8N4DBBN9VP;
				INFOPLIST_FILE = Mediator/Info.plist;
				LD_RUNPATH_SEARCH_PATHS = (
					"$(inherited)",
					"@executable_path/Frameworks",
				);
				PRODUCT_BUNDLE_IDENTIFIER = lgb.Mediator;
				PRODUCT_NAME = "$(TARGET_NAME)";
				TARGETED_DEVICE_FAMILY = "1,2";
			};
			name = Debug;
		};
		63A15CC124C27197001DE12F /* Release */ = {
			isa = XCBuildConfiguration;
			buildSettings = {
				ASSETCATALOG_COMPILER_APPICON_NAME = AppIcon;
				CODE_SIGN_STYLE = Automatic;
				DEVELOPMENT_TEAM = 8N4DBBN9VP;
				INFOPLIST_FILE = Mediator/Info.plist;
				LD_RUNPATH_SEARCH_PATHS = (
					"$(inherited)",
					"@executable_path/Frameworks",
				);
				PRODUCT_BUNDLE_IDENTIFIER = lgb.Mediator;
				PRODUCT_NAME = "$(TARGET_NAME)";
				TARGETED_DEVICE_FAMILY = "1,2";
			};
			name = Release;
		};
		63A15CC324C27197001DE12F /* Debug */ = {
			isa = XCBuildConfiguration;
			buildSettings = {
				BUNDLE_LOADER = "$(TEST_HOST)";
				CODE_SIGN_STYLE = Automatic;
				DEVELOPMENT_TEAM = 8N4DBBN9VP;
				INFOPLIST_FILE = MediatorTests/Info.plist;
				IPHONEOS_DEPLOYMENT_TARGET = 13.6;
				LD_RUNPATH_SEARCH_PATHS = (
					"$(inherited)",
					"@executable_path/Frameworks",
					"@loader_path/Frameworks",
				);
				PRODUCT_BUNDLE_IDENTIFIER = lgb.MediatorTests;
				PRODUCT_NAME = "$(TARGET_NAME)";
				TARGETED_DEVICE_FAMILY = "1,2";
				TEST_HOST = "$(BUILT_PRODUCTS_DIR)/Mediator.app/Mediator";
			};
			name = Debug;
		};
		63A15CC424C27197001DE12F /* Release */ = {
			isa = XCBuildConfiguration;
			buildSettings = {
				BUNDLE_LOADER = "$(TEST_HOST)";
				CODE_SIGN_STYLE = Automatic;
				DEVELOPMENT_TEAM = 8N4DBBN9VP;
				INFOPLIST_FILE = MediatorTests/Info.plist;
				IPHONEOS_DEPLOYMENT_TARGET = 13.6;
				LD_RUNPATH_SEARCH_PATHS = (
					"$(inherited)",
					"@executable_path/Frameworks",
					"@loader_path/Frameworks",
				);
				PRODUCT_BUNDLE_IDENTIFIER = lgb.MediatorTests;
				PRODUCT_NAME = "$(TARGET_NAME)";
				TARGETED_DEVICE_FAMILY = "1,2";
				TEST_HOST = "$(BUILT_PRODUCTS_DIR)/Mediator.app/Mediator";
			};
			name = Release;
		};
		63A15CC624C27197001DE12F /* Debug */ = {
			isa = XCBuildConfiguration;
			buildSettings = {
				CODE_SIGN_STYLE = Automatic;
				DEVELOPMENT_TEAM = 8N4DBBN9VP;
				INFOPLIST_FILE = MediatorUITests/Info.plist;
				LD_RUNPATH_SEARCH_PATHS = (
					"$(inherited)",
					"@executable_path/Frameworks",
					"@loader_path/Frameworks",
				);
				PRODUCT_BUNDLE_IDENTIFIER = lgb.MediatorUITests;
				PRODUCT_NAME = "$(TARGET_NAME)";
				TARGETED_DEVICE_FAMILY = "1,2";
				TEST_TARGET_NAME = Mediator;
			};
			name = Debug;
		};
		63A15CC724C27197001DE12F /* Release */ = {
			isa = XCBuildConfiguration;
			buildSettings = {
				CODE_SIGN_STYLE = Automatic;
				DEVELOPMENT_TEAM = 8N4DBBN9VP;
				INFOPLIST_FILE = MediatorUITests/Info.plist;
				LD_RUNPATH_SEARCH_PATHS = (
					"$(inherited)",
					"@executable_path/Frameworks",
					"@loader_path/Frameworks",
				);
				PRODUCT_BUNDLE_IDENTIFIER = lgb.MediatorUITests;
				PRODUCT_NAME = "$(TARGET_NAME)";
				TARGETED_DEVICE_FAMILY = "1,2";
				TEST_TARGET_NAME = Mediator;
			};
			name = Release;
		};
/* End XCBuildConfiguration section */

/* Begin XCConfigurationList section */
		63A15C8B24C27195001DE12F /* Build configuration list for PBXProject "Mediator" */ = {
			isa = XCConfigurationList;
			buildConfigurations = (
				63A15CBD24C27197001DE12F /* Debug */,
				63A15CBE24C27197001DE12F /* Release */,
			);
			defaultConfigurationIsVisible = 0;
			defaultConfigurationName = Release;
		};
		63A15CBF24C27197001DE12F /* Build configuration list for PBXNativeTarget "Mediator" */ = {
			isa = XCConfigurationList;
			buildConfigurations = (
				63A15CC024C27197001DE12F /* Debug */,
				63A15CC124C27197001DE12F /* Release */,
			);
			defaultConfigurationIsVisible = 0;
			defaultConfigurationName = Release;
		};
		63A15CC224C27197001DE12F /* Build configuration list for PBXNativeTarget "MediatorTests" */ = {
			isa = XCConfigurationList;
			buildConfigurations = (
				63A15CC324C27197001DE12F /* Debug */,
				63A15CC424C27197001DE12F /* Release */,
			);
			defaultConfigurationIsVisible = 0;
			defaultConfigurationName = Release;
		};
		63A15CC524C27197001DE12F /* Build configuration list for PBXNativeTarget "MediatorUITests" */ = {
			isa = XCConfigurationList;
			buildConfigurations = (
				63A15CC624C27197001DE12F /* Debug */,
				63A15CC724C27197001DE12F /* Release */,
			);
			defaultConfigurationIsVisible = 0;
			defaultConfigurationName = Release;
		};
/* End XCConfigurationList section */
	};
	rootObject = 63A15C8824C27195001DE12F /* Project object */;
}
